
Microsoft Visual Studio Solution File, Format Version 12.00
# Visual Studio Version 16
VisualStudioVersion = 16.0.30517.126
MinimumVisualStudioVersion = 10.0.40219.1
Project("{FAE04EC0-301F-11D3-BF4B-00C04F79EFBC}") = "testTree", "testTree\testTree.csproj", "{5E5B2D29-8847-4EA7-92BB-A0A849A7098A}"
EndProject
Global
	GlobalSection(SolutionConfigurationPlatforms) = preSolution
		Debug|Any CPU = Debug|Any CPU
		Release|Any CPU = Release|Any CPU
	EndGlobalSection
	GlobalSection(ProjectConfigurationPlatforms) = postSolution
		{5E5B2D29-8847-4EA7-92BB-A0A849A7098A}.Debug|Any CPU.ActiveCfg = Debug|Any CPU
		{5E5B2D29-8847-4EA7-92BB-A0A849A7098A}.Debug|Any CPU.Build.0 = Debug|Any CPU
		{5E5B2D29-8847-4EA7-92BB-A0A849A7098A}.Release|Any CPU.ActiveCfg = Release|Any CPU
		{5E5B2D29-8847-4EA7-92BB-A0A849A7098A}.Release|Any CPU.Build.0 = Release|Any CPU
	EndGlobalSection
	GlobalSection(SolutionProperties) = preSolution
		HideSolutionNode = FALSE
	EndGlobalSection
	GlobalSection(ExtensibilityGlobals) = postSolution
		SolutionGuid = {6C250A7E-7E6B-4A31-986C-B0B882A17C8E}
	EndGlobalSection
EndGlobal
